
Microsoft Visual Studio Solution File, Format Version 12.00
# Visual Studio Version 16
VisualStudioVersion = 16.0.31911.196
MinimumVisualStudioVersion = 10.0.40219.1
Project("{FAE04EC0-301F-11D3-BF4B-00C04F79EFBC}") = "BIPJ", "BIPJ\BIPJ.csproj", "{00C8A4A1-7CBA-4CE1-BF33-0CFFFF7B9311}"
EndProject
Global
	GlobalSection(SolutionConfigurationPlatforms) = preSolution
		Debug|Any CPU = Debug|Any CPU
		Release|Any CPU = Release|Any CPU
	EndGlobalSection
	GlobalSection(ProjectConfigurationPlatforms) = postSolution
		{00C8A4A1-7CBA-4CE1-BF33-0CFFFF7B9311}.Debug|Any CPU.ActiveCfg = Debug|Any CPU
		{00C8A4A1-7CBA-4CE1-BF33-0CFFFF7B9311}.Debug|Any CPU.Build.0 = Debug|Any CPU
		{00C8A4A1-7CBA-4CE1-BF33-0CFFFF7B9311}.Release|Any CPU.ActiveCfg = Release|Any CPU
		{00C8A4A1-7CBA-4CE1-BF33-0CFFFF7B9311}.Release|Any CPU.Build.0 = Release|Any CPU
	EndGlobalSection
	GlobalSection(SolutionProperties) = preSolution
		HideSolutionNode = FALSE
	EndGlobalSection
	GlobalSection(ExtensibilityGlobals) = postSolution
		SolutionGuid = {DEC6B8DB-759B-48E9-9A18-7A13F171D4D7}
	EndGlobalSection
EndGlobal
